
Microsoft Visual Studio Solution File, Format Version 12.00
# Visual Studio Version 17
VisualStudioVersion = 17.13.35825.156
MinimumVisualStudioVersion = 10.0.40219.1
Project("{FAE04EC0-301F-11D3-BF4B-00C04F79EFBC}") = "Exer1", "Exer1\Exer1\Exer1.csproj", "{770B62BE-C876-4771-A2E1-4E839A849854}"
EndProject
Project("{FAE04EC0-301F-11D3-BF4B-00C04F79EFBC}") = "Exer1.Tests", "Exer1\Exer1.Tests\Exer1.Tests.csproj", "{E52B6FF0-B648-49FC-9EC3-B6F48A497696}"
EndProject
Project("{FAE04EC0-301F-11D3-BF4B-00C04F79EFBC}") = "DAL", "Exer1\DAL\DAL.csproj", "{6ACFA63D-FB99-4AB4-B729-380548F7F6BE}"
EndProject
Project("{FAE04EC0-301F-11D3-BF4B-00C04F79EFBC}") = "BLL", "Exer1\BLL\BLL.csproj", "{221D2721-224E-4B77-9445-BD1B97CE1EE7}"
EndProject
Project("{2150E333-8FDC-42A3-9474-1A3956D46DE8}") = "Ex1", "Ex1", "{02EA681E-C7D8-13C7-8484-4AC65E1B71E8}"
EndProject
Project("{FAE04EC0-301F-11D3-BF4B-00C04F79EFBC}") = "Exer2", "Exer2\Exer2\Exer2.csproj", "{6046B0B3-EC4E-4098-8F03-EB7D661A6632}"
EndProject
Project("{FAE04EC0-301F-11D3-BF4B-00C04F79EFBC}") = "Exer2.Tests", "Exer2\Exer2.Tests\Exer2.Tests.csproj", "{3E65D8AF-8737-4008-A7D8-EAD040967160}"
EndProject
Project("{2150E333-8FDC-42A3-9474-1A3956D46DE8}") = "Ex2", "Ex2", "{1F013774-7611-434D-BB1A-CA3DCB3BC187}"
EndProject
Project("{2150E333-8FDC-42A3-9474-1A3956D46DE8}") = "Ex3", "Ex3", "{034C7F66-CCEF-4F24-AED4-CEE6A678902B}"
EndProject
Project("{FAE04EC0-301F-11D3-BF4B-00C04F79EFBC}") = "Exer3", "Exer3\Exer3\Exer3.csproj", "{0B930B54-2CF6-4168-A5B3-F1733857EE6C}"
EndProject
Project("{FAE04EC0-301F-11D3-BF4B-00C04F79EFBC}") = "Exer3Tests", "Exer3\Exer3Tests\Exer3Tests.csproj", "{956A4951-5932-4B22-9DC7-6DB62D88FBF0}"
EndProject
Project("{2150E333-8FDC-42A3-9474-1A3956D46DE8}") = "Ex4", "Ex4", "{49CBE0A3-DAB0-4751-AFEE-74304BF6B67E}"
EndProject
Project("{FAE04EC0-301F-11D3-BF4B-00C04F79EFBC}") = "Exer4_2", "Exer4\Exer4_2\Exer4_2.csproj", "{FE8FACE4-9E6B-4AD3-BA12-703FDCA54A68}"
EndProject
Project("{FAE04EC0-301F-11D3-BF4B-00C04F79EFBC}") = "Ex4Tests", "Exer4\Ex4Tests\Ex4Tests.csproj", "{22206B2C-FD0A-4883-A3E3-E4625954ED79}"
EndProject
Project("{2150E333-8FDC-42A3-9474-1A3956D46DE8}") = "Solution Items", "Solution Items", "{8EC462FD-D22E-90A8-E5CE-7E832BA40C5D}"
	ProjectSection(SolutionItems) = preProject
		..\..\..\..\..\..\Database\QT2Query.sql = ..\..\..\..\..\..\Database\QT2Query.sql
	EndProjectSection
EndProject
Global
	GlobalSection(SolutionConfigurationPlatforms) = preSolution
		Debug|Any CPU = Debug|Any CPU
		Release|Any CPU = Release|Any CPU
	EndGlobalSection
	GlobalSection(ProjectConfigurationPlatforms) = postSolution
		{770B62BE-C876-4771-A2E1-4E839A849854}.Debug|Any CPU.ActiveCfg = Debug|Any CPU
		{770B62BE-C876-4771-A2E1-4E839A849854}.Debug|Any CPU.Build.0 = Debug|Any CPU
		{770B62BE-C876-4771-A2E1-4E839A849854}.Release|Any CPU.ActiveCfg = Release|Any CPU
		{770B62BE-C876-4771-A2E1-4E839A849854}.Release|Any CPU.Build.0 = Release|Any CPU
		{E52B6FF0-B648-49FC-9EC3-B6F48A497696}.Debug|Any CPU.ActiveCfg = Debug|Any CPU
		{E52B6FF0-B648-49FC-9EC3-B6F48A497696}.Debug|Any CPU.Build.0 = Debug|Any CPU
		{E52B6FF0-B648-49FC-9EC3-B6F48A497696}.Release|Any CPU.ActiveCfg = Release|Any CPU
		{E52B6FF0-B648-49FC-9EC3-B6F48A497696}.Release|Any CPU.Build.0 = Release|Any CPU
		{6ACFA63D-FB99-4AB4-B729-380548F7F6BE}.Debug|Any CPU.ActiveCfg = Debug|Any CPU
		{6ACFA63D-FB99-4AB4-B729-380548F7F6BE}.Debug|Any CPU.Build.0 = Debug|Any CPU
		{6ACFA63D-FB99-4AB4-B729-380548F7F6BE}.Release|Any CPU.ActiveCfg = Release|Any CPU
		{6ACFA63D-FB99-4AB4-B729-380548F7F6BE}.Release|Any CPU.Build.0 = Release|Any CPU
		{221D2721-224E-4B77-9445-BD1B97CE1EE7}.Debug|Any CPU.ActiveCfg = Debug|Any CPU
		{221D2721-224E-4B77-9445-BD1B97CE1EE7}.Debug|Any CPU.Build.0 = Debug|Any CPU
		{221D2721-224E-4B77-9445-BD1B97CE1EE7}.Release|Any CPU.ActiveCfg = Release|Any CPU
		{221D2721-224E-4B77-9445-BD1B97CE1EE7}.Release|Any CPU.Build.0 = Release|Any CPU
		{6046B0B3-EC4E-4098-8F03-EB7D661A6632}.Debug|Any CPU.ActiveCfg = Debug|Any CPU
		{6046B0B3-EC4E-4098-8F03-EB7D661A6632}.Debug|Any CPU.Build.0 = Debug|Any CPU
		{6046B0B3-EC4E-4098-8F03-EB7D661A6632}.Release|Any CPU.ActiveCfg = Release|Any CPU
		{6046B0B3-EC4E-4098-8F03-EB7D661A6632}.Release|Any CPU.Build.0 = Release|Any CPU
		{3E65D8AF-8737-4008-A7D8-EAD040967160}.Debug|Any CPU.ActiveCfg = Debug|Any CPU
		{3E65D8AF-8737-4008-A7D8-EAD040967160}.Debug|Any CPU.Build.0 = Debug|Any CPU
		{3E65D8AF-8737-4008-A7D8-EAD040967160}.Release|Any CPU.ActiveCfg = Release|Any CPU
		{3E65D8AF-8737-4008-A7D8-EAD040967160}.Release|Any CPU.Build.0 = Release|Any CPU
		{0B930B54-2CF6-4168-A5B3-F1733857EE6C}.Debug|Any CPU.ActiveCfg = Debug|Any CPU
		{0B930B54-2CF6-4168-A5B3-F1733857EE6C}.Debug|Any CPU.Build.0 = Debug|Any CPU
		{0B930B54-2CF6-4168-A5B3-F1733857EE6C}.Release|Any CPU.ActiveCfg = Release|Any CPU
		{0B930B54-2CF6-4168-A5B3-F1733857EE6C}.Release|Any CPU.Build.0 = Release|Any CPU
		{956A4951-5932-4B22-9DC7-6DB62D88FBF0}.Debug|Any CPU.ActiveCfg = Debug|Any CPU
		{956A4951-5932-4B22-9DC7-6DB62D88FBF0}.Debug|Any CPU.Build.0 = Debug|Any CPU
		{956A4951-5932-4B22-9DC7-6DB62D88FBF0}.Release|Any CPU.ActiveCfg = Release|Any CPU
		{956A4951-5932-4B22-9DC7-6DB62D88FBF0}.Release|Any CPU.Build.0 = Release|Any CPU
		{FE8FACE4-9E6B-4AD3-BA12-703FDCA54A68}.Debug|Any CPU.ActiveCfg = Debug|Any CPU
		{FE8FACE4-9E6B-4AD3-BA12-703FDCA54A68}.Debug|Any CPU.Build.0 = Debug|Any CPU
		{FE8FACE4-9E6B-4AD3-BA12-703FDCA54A68}.Release|Any CPU.ActiveCfg = Release|Any CPU
		{FE8FACE4-9E6B-4AD3-BA12-703FDCA54A68}.Release|Any CPU.Build.0 = Release|Any CPU
		{22206B2C-FD0A-4883-A3E3-E4625954ED79}.Debug|Any CPU.ActiveCfg = Debug|Any CPU
		{22206B2C-FD0A-4883-A3E3-E4625954ED79}.Debug|Any CPU.Build.0 = Debug|Any CPU
		{22206B2C-FD0A-4883-A3E3-E4625954ED79}.Release|Any CPU.ActiveCfg = Release|Any CPU
		{22206B2C-FD0A-4883-A3E3-E4625954ED79}.Release|Any CPU.Build.0 = Release|Any CPU
	EndGlobalSection
	GlobalSection(SolutionProperties) = preSolution
		HideSolutionNode = FALSE
	EndGlobalSection
	GlobalSection(NestedProjects) = preSolution
		{770B62BE-C876-4771-A2E1-4E839A849854} = {02EA681E-C7D8-13C7-8484-4AC65E1B71E8}
		{E52B6FF0-B648-49FC-9EC3-B6F48A497696} = {02EA681E-C7D8-13C7-8484-4AC65E1B71E8}
		{6ACFA63D-FB99-4AB4-B729-380548F7F6BE} = {02EA681E-C7D8-13C7-8484-4AC65E1B71E8}
		{221D2721-224E-4B77-9445-BD1B97CE1EE7} = {02EA681E-C7D8-13C7-8484-4AC65E1B71E8}
		{6046B0B3-EC4E-4098-8F03-EB7D661A6632} = {1F013774-7611-434D-BB1A-CA3DCB3BC187}
		{3E65D8AF-8737-4008-A7D8-EAD040967160} = {1F013774-7611-434D-BB1A-CA3DCB3BC187}
		{0B930B54-2CF6-4168-A5B3-F1733857EE6C} = {034C7F66-CCEF-4F24-AED4-CEE6A678902B}
		{956A4951-5932-4B22-9DC7-6DB62D88FBF0} = {034C7F66-CCEF-4F24-AED4-CEE6A678902B}
		{FE8FACE4-9E6B-4AD3-BA12-703FDCA54A68} = {49CBE0A3-DAB0-4751-AFEE-74304BF6B67E}
		{22206B2C-FD0A-4883-A3E3-E4625954ED79} = {49CBE0A3-DAB0-4751-AFEE-74304BF6B67E}
	EndGlobalSection
	GlobalSection(ExtensibilityGlobals) = postSolution
		SolutionGuid = {71F8D8EA-CFB9-4AA3-87CA-C82C65E04653}
	EndGlobalSection
EndGlobal
